{
    "_meta": {
        "hash": {
            "sha256": "f9c98db40c98c2436f8506ca3baa531e4383e9b8656ef0edda933701b2ef9c4a"
        },
        "pipfile-spec": 6,
        "requires": {
            "python_version": "3.6"
        },
        "sources": [
            {
                "name": "pypi",
                "url": "https://pypi.org/simple",
                "verify_ssl": true
            }
        ]
    },
    "default": {
        "anora": {
            "hashes": [
                "sha256:4a9bee2d0b2a7afd819a477ec3ff9afcd6bf27b939166bd3e859d420913d48e5"
            ],
            "index": "pypi",
            "version": "==0.1.2"
        },
        "asn1crypto": {
            "hashes": [
                "sha256:2f1adbb7546ed199e3c90ef23ec95c5cf3585bac7d11fb7eb562a3fe89c64e87",
                "sha256:9d5c20441baf0cb60a4ac34cc447c6c189024b6b4c6cd7877034f4965c464e49"
            ],
            "version": "==0.24.0"
        },
        "atomicwrites": {
            "hashes": [
                "sha256:03472c30eb2c5d1ba9227e4c2ca66ab8287fbfbbda3888aa93dc2e28fc6811b4",
                "sha256:75a9445bac02d8d058d5e1fe689654ba5a6556a1dfd8ce6ec55a0ed79866cfa6"
            ],
            "version": "==1.3.0"
        },
        "attrs": {
            "hashes": [
                "sha256:69c0dbf2ed392de1cb5ec704444b08a5ef81680a61cb899dc08127123af36a79",
                "sha256:f0b870f674851ecbfbbbd364d6b5cbdff9dcedbc7f3f5e18a6891057f21fe399"
            ],
            "version": "==19.1.0"
        },
        "bcrypt": {
            "hashes": [
                "sha256:0ba875eb67b011add6d8c5b76afbd92166e98b1f1efab9433d5dc0fafc76e203",
                "sha256:21ed446054c93e209434148ef0b362432bb82bbdaf7beef70a32c221f3e33d1c",
                "sha256:28a0459381a8021f57230954b9e9a65bb5e3d569d2c253c5cac6cb181d71cf23",
                "sha256:2aed3091eb6f51c26b7c2fad08d6620d1c35839e7a362f706015b41bd991125e",
                "sha256:2fa5d1e438958ea90eaedbf8082c2ceb1a684b4f6c75a3800c6ec1e18ebef96f",
                "sha256:3a73f45484e9874252002793518da060fb11eaa76c30713faa12115db17d1430",
                "sha256:3e489787638a36bb466cd66780e15715494b6d6905ffdbaede94440d6d8e7dba",
                "sha256:44636759d222baa62806bbceb20e96f75a015a6381690d1bc2eda91c01ec02ea",
                "sha256:678c21b2fecaa72a1eded0cf12351b153615520637efcadc09ecf81b871f1596",
                "sha256:75460c2c3786977ea9768d6c9d8957ba31b5fbeb0aae67a5c0e96aab4155f18c",
                "sha256:8ac06fb3e6aacb0a95b56eba735c0b64df49651c6ceb1ad1cf01ba75070d567f",
                "sha256:8fdced50a8b646fff8fa0e4b1c5fd940ecc844b43d1da5a980cb07f2d1b1132f",
                "sha256:9b2c5b640a2da533b0ab5f148d87fb9989bf9bcb2e61eea6a729102a6d36aef9",
                "sha256:a9083e7fa9adb1a4de5ac15f9097eb15b04e2c8f97618f1b881af40abce382e1",
                "sha256:b7e3948b8b1a81c5a99d41da5fb2dc03ddb93b5f96fcd3fd27e643f91efa33e1",
                "sha256:b998b8ca979d906085f6a5d84f7b5459e5e94a13fc27c28a3514437013b6c2f6",
                "sha256:dd08c50bc6f7be69cd7ba0769acca28c846ec46b7a8ddc2acf4b9ac6f8a7457e",
                "sha256:de5badee458544ab8125e63e39afeedfcf3aef6a6e2282ac159c95ae7472d773",
                "sha256:ede2a87333d24f55a4a7338a6ccdccf3eaa9bed081d1737e0db4dbd1a4f7e6b6"
            ],
            "version": "==3.1.6"
        },
        "certifi": {
            "hashes": [
                "sha256:59b7658e26ca9c7339e00f8f4636cdfe59d34fa37b9b04f6f9e9926b3cece1a5",
                "sha256:b26104d6835d1f5e49452a26eb2ff87fe7090b89dfcaee5ea2212697e1e1d7ae"
            ],
            "version": "==2019.3.9"
        },
        "cffi": {
            "hashes": [
                "sha256:041c81822e9f84b1d9c401182e174996f0bae9991f33725d059b771744290774",
                "sha256:046ef9a22f5d3eed06334d01b1e836977eeef500d9b78e9ef693f9380ad0b83d",
                "sha256:066bc4c7895c91812eff46f4b1c285220947d4aa46fa0a2651ff85f2afae9c90",
                "sha256:066c7ff148ae33040c01058662d6752fd73fbc8e64787229ea8498c7d7f4041b",
                "sha256:2444d0c61f03dcd26dbf7600cf64354376ee579acad77aef459e34efcb438c63",
                "sha256:300832850b8f7967e278870c5d51e3819b9aad8f0a2c8dbe39ab11f119237f45",
                "sha256:34c77afe85b6b9e967bd8154e3855e847b70ca42043db6ad17f26899a3df1b25",
                "sha256:46de5fa00f7ac09f020729148ff632819649b3e05a007d286242c4882f7b1dc3",
                "sha256:4aa8ee7ba27c472d429b980c51e714a24f47ca296d53f4d7868075b175866f4b",
                "sha256:4d0004eb4351e35ed950c14c11e734182591465a33e960a4ab5e8d4f04d72647",
                "sha256:4e3d3f31a1e202b0f5a35ba3bc4eb41e2fc2b11c1eff38b362de710bcffb5016",
                "sha256:50bec6d35e6b1aaeb17f7c4e2b9374ebf95a8975d57863546fa83e8d31bdb8c4",
                "sha256:55cad9a6df1e2a1d62063f79d0881a414a906a6962bc160ac968cc03ed3efcfb",
                "sha256:5662ad4e4e84f1eaa8efce5da695c5d2e229c563f9d5ce5b0113f71321bcf753",
                "sha256:59b4dc008f98fc6ee2bb4fd7fc786a8d70000d058c2bbe2698275bc53a8d3fa7",
                "sha256:73e1ffefe05e4ccd7bcea61af76f36077b914f92b76f95ccf00b0c1b9186f3f9",
                "sha256:a1f0fd46eba2d71ce1589f7e50a9e2ffaeb739fb2c11e8192aa2b45d5f6cc41f",
                "sha256:a2e85dc204556657661051ff4bab75a84e968669765c8a2cd425918699c3d0e8",
                "sha256:a5457d47dfff24882a21492e5815f891c0ca35fefae8aa742c6c263dac16ef1f",
                "sha256:a8dccd61d52a8dae4a825cdbb7735da530179fea472903eb871a5513b5abbfdc",
                "sha256:ae61af521ed676cf16ae94f30fe202781a38d7178b6b4ab622e4eec8cefaff42",
                "sha256:b012a5edb48288f77a63dba0840c92d0504aa215612da4541b7b42d849bc83a3",
                "sha256:d2c5cfa536227f57f97c92ac30c8109688ace8fa4ac086d19d0af47d134e2909",
                "sha256:d42b5796e20aacc9d15e66befb7a345454eef794fdb0737d1af593447c6c8f45",
                "sha256:dee54f5d30d775f525894d67b1495625dd9322945e7fee00731952e0368ff42d",
                "sha256:e070535507bd6aa07124258171be2ee8dfc19119c28ca94c9dfb7efd23564512",
                "sha256:e1ff2748c84d97b065cc95429814cdba39bcbd77c9c85c89344b317dc0d9cbff",
                "sha256:ed851c75d1e0e043cbf5ca9a8e1b13c4c90f3fbd863dacb01c0808e2b5204201"
            ],
            "version": "==1.12.3"
        },
        "chardet": {
            "hashes": [
                "sha256:84ab92ed1c4d4f16916e05906b6b75a6c0fb5db821cc65e70cbd64a3e2a5eaae",
                "sha256:fc323ffcaeaed0e0a02bf4d117757b98aed530d9ed4531e3e15460124c106691"
            ],
            "version": "==3.0.4"
        },
        "cryptography": {
            "hashes": [
                "sha256:066f815f1fe46020877c5983a7e747ae140f517f1b09030ec098503575265ce1",
                "sha256:210210d9df0afba9e000636e97810117dc55b7157c903a55716bb73e3ae07705",
                "sha256:26c821cbeb683facb966045e2064303029d572a87ee69ca5a1bf54bf55f93ca6",
                "sha256:2afb83308dc5c5255149ff7d3fb9964f7c9ee3d59b603ec18ccf5b0a8852e2b1",
                "sha256:2db34e5c45988f36f7a08a7ab2b69638994a8923853dec2d4af121f689c66dc8",
                "sha256:409c4653e0f719fa78febcb71ac417076ae5e20160aec7270c91d009837b9151",
                "sha256:45a4f4cf4f4e6a55c8128f8b76b4c057027b27d4c67e3fe157fa02f27e37830d",
                "sha256:48eab46ef38faf1031e58dfcc9c3e71756a1108f4c9c966150b605d4a1a7f659",
                "sha256:6b9e0ae298ab20d371fc26e2129fd683cfc0cfde4d157c6341722de645146537",
                "sha256:6c4778afe50f413707f604828c1ad1ff81fadf6c110cb669579dea7e2e98a75e",
                "sha256:8c33fb99025d353c9520141f8bc989c2134a1f76bac6369cea060812f5b5c2bb",
                "sha256:9873a1760a274b620a135054b756f9f218fa61ca030e42df31b409f0fb738b6c",
                "sha256:9b069768c627f3f5623b1cbd3248c5e7e92aec62f4c98827059eed7053138cc9",
                "sha256:9e4ce27a507e4886efbd3c32d120db5089b906979a4debf1d5939ec01b9dd6c5",
                "sha256:acb424eaca214cb08735f1a744eceb97d014de6530c1ea23beb86d9c6f13c2ad",
                "sha256:c8181c7d77388fe26ab8418bb088b1a1ef5fde058c6926790c8a0a3d94075a4a",
                "sha256:d4afbb0840f489b60f5a580a41a1b9c3622e08ecb5eec8614d4fb4cd914c4460",
                "sha256:d9ed28030797c00f4bc43c86bf819266c76a5ea61d006cd4078a93ebf7da6bfd",
                "sha256:e603aa7bb52e4e8ed4119a58a03b60323918467ef209e6ff9db3ac382e5cf2c6"
            ],
            "version": "==2.6.1"
        },
        "decorator": {
            "hashes": [
                "sha256:86156361c50488b84a3f148056ea716ca587df2f0de1d34750d35c21312725de",
                "sha256:f069f3a01830ca754ba5258fde2278454a0b5b79e0d7f5c13b3b97e57d4acff6"
            ],
            "version": "==4.4.0"
        },
        "defusedxml": {
            "hashes": [
                "sha256:6687150770438374ab581bb7a1b327a847dd9c5749e396102de3fad4e8a3ef93",
                "sha256:f684034d135af4c6cbb949b8a4d2ed61634515257a67299e5f940fbaa34377f5"
            ],
            "version": "==0.6.0"
        },
        "django": {
            "hashes": [
                "sha256:7c3543e4fb070d14e10926189a7fcf42ba919263b7473dceaefce34d54e8a119",
                "sha256:a2814bffd1f007805b19194eb0b9a331933b82bd5da1c3ba3d7b7ba16e06dc4b"
            ],
            "index": "pypi",
            "version": "==2.2"
        },
        "django-allauth": {
            "hashes": [
                "sha256:4444434c2f43188e16e0a7732c3638e12787ca7e5032f69b6d30b2912f53809e"
            ],
            "index": "pypi",
            "version": "==0.39.1"
        },
        "django-appconf": {
            "hashes": [
                "sha256:35f13ca4d567f132b960e2cd4c832c2d03cb6543452d34e29b7ba10371ba80e3",
                "sha256:c98a7af40062e996b921f5962a1c4f3f0c979fa7885f7be4710cceb90ebe13a6"
            ],
            "version": "==1.0.3"
        },
        "django-compressor": {
            "hashes": [
                "sha256:7732676cfb9d58498dfb522b036f75f3f253f72ea1345ac036434fdc418c2e57",
                "sha256:9616570e5b08e92fa9eadc7a1b1b49639cce07ef392fc27c74230ab08075b30f"
            ],
            "index": "pypi",
            "version": "==2.2"
        },
        "django-debug-toolbar": {
            "hashes": [
                "sha256:89d75b60c65db363fb24688d977e5fbf0e73386c67acf562d278402a10fc3736",
                "sha256:c2b0134119a624f4ac9398b44f8e28a01c7686ac350a12a74793f3dd57a9eea0"
            ],
            "index": "pypi",
            "version": "==1.11"
        },
        "django-extensions": {
            "hashes": [
                "sha256:109004f80b6f45ad1f56addaa59debca91d94aa0dc1cb19678b9364b4fe9b6f4",
                "sha256:307766e5e6c1caffe76c5d99239d8115d14ae3f7cab2cd991fcffd763dad904b"
            ],
            "index": "pypi",
            "version": "==2.1.6"
        },
        "django-filter": {
            "hashes": [
                "sha256:3dafb7d2810790498895c22a1f31b2375795910680ac9c1432821cbedb1e176d",
                "sha256:a3014de317bef0cd43075a0f08dfa1d319a7ccc5733c3901fb860da70b0dda68"
            ],
            "index": "pypi",
            "version": "==2.1.0"
        },
        "django-gravatar2": {
            "hashes": [
                "sha256:46cd5cecf46d7c6155aa31badb2575f634fc6fe65ad73c2b711a2fee3b205be3",
                "sha256:d6ec4ae679a8f4e4ea349259543fb1998e3415e08c3acd2b3648dd7466357204"
            ],
            "index": "pypi",
            "version": "==1.4.2"
        },
        "django-libsass": {
            "hashes": [
                "sha256:49db3334b87e1f7955c4f9fb9945bc296f8bfd27a14d6d89706e4b0e5dc5de1c"
            ],
            "index": "pypi",
            "version": "==0.7"
        },
        "django-markupfield": {
            "hashes": [
                "sha256:c6eb2560fd5b622b57b60755f4c2884a2103f41e264cf87789323471544026a8",
                "sha256:f8ea8ca93aec87da51c815ac59421a0b8133ad5ad26ffabe0e0327b87d332deb"
            ],
            "index": "pypi",
            "version": "==1.5.1"
        },
        "django-typogrify": {
            "hashes": [
                "sha256:deffbb85ddd0c94bed6063ab7ad241b72e0f3e7c3160d9ea5f6388177901541e"
            ],
            "index": "pypi",
            "version": "==1.3.3"
        },
        "djangorestframework": {
            "hashes": [
                "sha256:1d22971a5fc98becdbbad9710ca2a9148dd339f6cbea4c3ddbed2cb84bab94e1",
                "sha256:2884763160b997073ff1e937bd820a69d23978902a3ccd0ba53a217e196239f0"
            ],
            "index": "pypi",
            "version": "==3.9.3"
        },
        "docutils": {
            "hashes": [
                "sha256:02aec4bd92ab067f6ff27a38a38a41173bf01bed8f89157768c1573f53e474a6",
                "sha256:51e64ef2ebfb29cae1faa133b3710143496eca21c530f3f71424d77687764274",
                "sha256:7a4bd47eaf6596e1295ecb11361139febe29b084a87bf005bf899f9a42edc3c6"
            ],
            "index": "pypi",
            "version": "==0.14"
        },
        "fabric": {
            "hashes": [
                "sha256:93684ceaac92e0b78faae551297e29c48370cede12ff0f853cdebf67d4b87068",
                "sha256:98538f2f3f63cf52497a8d0b24d18424ae83fe67ac7611225c72afb9e67f2cf6"
            ],
            "index": "pypi",
            "version": "==2.4.0"
        },
        "gunicorn": {
            "hashes": [
                "sha256:aa8e0b40b4157b36a5df5e599f45c9c76d6af43845ba3b3b0efe2c70473c2471",
                "sha256:fa2662097c66f920f53f70621c6c58ca4a3c4d3434205e608e121b5b3b71f4f3"
            ],
            "index": "pypi",
            "version": "==19.9.0"
        },
        "idna": {
            "hashes": [
                "sha256:c357b3f628cf53ae2c4c05627ecc484553142ca23264e593d327bcde5e9c3407",
                "sha256:ea8b7f6188e6fa117537c3df7da9fc686d485087abf6ac197f9c46432f7e4a3c"
            ],
            "version": "==2.8"
        },
        "invoke": {
            "hashes": [
                "sha256:4f4de934b15c2276caa4fbc5a3b8a61c0eb0b234f2be1780d2b793321995c2d6",
                "sha256:dc492f8f17a0746e92081aec3f86ae0b4750bf41607ea2ad87e5a7b5705121b7",
                "sha256:eb6f9262d4d25b40330fb21d1e99bf0f85011ccc3526980f8a3eaedd4b43892e"
            ],
            "version": "==1.2.0"
        },
        "libsass": {
            "hashes": [
                "sha256:2ae3b061a7d250fb47e5fdad1a8191600ca15dc604e76b109b6d3bf8e08fd2ed",
                "sha256:2ee186aa682a035a53c557b7e61ce562a1114f1a1a992d0ba962cbc3e82c490c",
                "sha256:366f4fd5a5eab4a519beb583e9fa78718cf2c0f40e92ed835d7ed23b82e5d954",
                "sha256:5511b3c62e8d97daf929c63bd516b794f0a06acd09dd261445d864e48290551b",
                "sha256:7462da168c8fb997b31cb4dc3ee5adb9af2d106f7b92c2d57a1c68a56ae5a3a0",
                "sha256:84a16ec5cf7842ff5bc2caed2c032ed624d587699797bc2a4d4a8e41f579b6e7",
                "sha256:8fc0360ee99224f7a3cb09987e641171d34180759f467ba3d15934102ade396f",
                "sha256:a6c5535a21a07d769151453270bc6a8373b821d1d2fd9810d84fccfe315ab188",
                "sha256:b375bfbf3c86ec0f4a27f266b44b2753a4b8cab7e73649eed7afcad84bc56257",
                "sha256:b548af46c1a606aed93da2566901146005d6065f73fefc63d256ba62ba1f803d",
                "sha256:bb30fc7125350c64925a98cb90da7979f76bb0ea1a0157e8aeb268f8da38e296",
                "sha256:c2f386677514f9fc758631328bd318dd3e9d839ad7b6e248ec4535a191bfd271",
                "sha256:d1f301637ad5768aecc81d17dcf40a68f2e11b7ca8b427dbb9f8972c150d303e",
                "sha256:e0cf54dddf2cc6e373005bed6e46ccdce1f3a77bd169ab505c3a8ad9023eee5f",
                "sha256:e8941881063691d50f9cc8b8d6d8fd7bec86a8c461b2a4fc87188a5fc44d6ba4",
                "sha256:f4b29b0c70d753c754a58aaad7c31ad3309ca4a26f9aa64e695157251f6832ad"
            ],
            "version": "==0.18.0"
        },
        "markdown": {
            "hashes": [
                "sha256:fc4a6f69a656b8d858d7503bda633f4dd63c2d70cf80abdc6eafa64c4ae8c250",
                "sha256:fe463ff51e679377e3624984c829022e2cfb3be5518726b06f608a07a3aad680"
            ],
            "index": "pypi",
            "version": "==3.1"
        },
        "more-itertools": {
            "hashes": [
                "sha256:2112d2ca570bb7c3e53ea1a35cd5df42bb0fd10c45f0fb97178679c3c03d64c7",
                "sha256:c3e4748ba1aad8dba30a4886b0b1a2004f9a863837b8654e7059eebf727afa5a"
            ],
            "markers": "python_version > '2.7'",
            "version": "==7.0.0"
        },
        "networkx": {
            "hashes": [
                "sha256:8311ddef63cf5c5c5e7c1d0212dd141d9a1fe3f474915281b73597ed5f1d4e3d"
            ],
            "index": "pypi",
            "version": "==2.3"
        },
        "nltk": {
            "hashes": [
                "sha256:3a64b1cb685bbf344adec416871fee07996671c876ff313b3e504158fa1500e1"
            ],
            "version": "==3.4.1"
        },
        "oauthlib": {
            "hashes": [
                "sha256:0ce32c5d989a1827e3f1148f98b9085ed2370fc939bf524c9c851d8714797298",
                "sha256:3e1e14f6cde7e5475128d30e97edc3bfb4dc857cb884d8714ec161fdbb3b358e"
            ],
            "version": "==3.0.1"
        },
        "paramiko": {
            "hashes": [
                "sha256:3c16b2bfb4c0d810b24c40155dbfd113c0521e7e6ee593d704e84b4c658a1f3b",
                "sha256:a8975a7df3560c9f1e2b43dc54ebd40fd00a7017392ca5445ce7df409f900fcb"
            ],
            "version": "==2.4.2"
        },
        "pluggy": {
            "hashes": [
                "sha256:19ecf9ce9db2fce065a7a0586e07cfb4ac8614fe96edf628a264b1c70116cf8f",
                "sha256:84d306a647cc805219916e62aab89caa97a33a1dd8c342e87a37f91073cd4746"
            ],
            "version": "==0.9.0"
        },
        "psycopg2": {
            "hashes": [
                "sha256:00cfecb3f3db6eb76dcc763e71777da56d12b6d61db6a2c6ccbbb0bff5421f8f",
                "sha256:076501fc24ae13b2609ba2303d88d4db79072562f0b8cc87ec1667dedff99dc1",
                "sha256:4e2b34e4c0ddfeddf770d7df93e269700b080a4d2ec514fec668d71895f56782",
                "sha256:5cacf21b6f813c239f100ef78a4132056f93a5940219ec25d2ef833cbeb05588",
                "sha256:61f58e9ecb9e4dc7e30be56b562f8fc10ae3addcfcef51b588eed10a5a66100d",
                "sha256:8954ff6e47247bdd134db602fcadfc21662835bd92ce0760f3842eacfeb6e0f3",
                "sha256:b6e8c854cdc623028e558a409b06ea2f16d13438335941c7765d0a42b5bedd33",
                "sha256:baca21c0f7344576346e260454d0007313ccca8c170684707a63946b27a56c8f",
                "sha256:bb1735378770fb95dbe392d29e71405d45c8bdcfa064f916504833a92ab03c55",
                "sha256:de3d3c46c1ee18f996db42d1eb44cf1565cc9e38fb1dbd9b773ff6b3fa8035d7",
                "sha256:dee885602bb200bdcb1d30f6da6c7bb207360bc786d0a364fe1540dd14af0bab"
            ],
            "index": "pypi",
            "version": "==2.8.2"
        },
        "py": {
            "hashes": [
                "sha256:64f65755aee5b381cea27766a3a147c3f15b9b6b9ac88676de66ba2ae36793fa",
                "sha256:dc639b046a6e2cff5bbe40194ad65936d6ba360b52b3c3fe1d08a82dd50b5e53"
            ],
            "version": "==1.8.0"
        },
        "pyasn1": {
            "hashes": [
                "sha256:da2420fe13a9452d8ae97a0e478adde1dee153b11ba832a95b223a2ba01c10f7",
                "sha256:da6b43a8c9ae93bc80e2739efb38cc776ba74a886e3e9318d65fe81a8b8a2c6e"
            ],
            "version": "==0.4.5"
        },
        "pycparser": {
            "hashes": [
                "sha256:a988718abfad80b6b157acce7bf130a30876d27603738ac39f140993246b25b3"
            ],
            "version": "==2.19"
        },
        "pymongo": {
            "hashes": [
                "sha256:108b50f3e2154d369897540cab4805f4b68b8ecb4a0a375b8695f627981e6bad",
                "sha256:37e9063890605e10bc4a80b77273216ded85c9a6614a903de9bff093f91f137f",
                "sha256:4f29b59f8810ef29e9fe73e8f5ab07e3eb9606378deb303693d4c9040be748c1",
                "sha256:5806e00f69f9a0dfd1e19baf9750100acf4f73cfac27e4ac3e6b01b7f994de39",
                "sha256:644594970e0d36dc295c086fcfcb289715fe4d67eac3bbd620bdbc0762252725",
                "sha256:6c5db55acd74f6652b0217595b7ac88a4325a994498d2339429327e5e345eaf2",
                "sha256:8fb45e3edec006f4b11580fc579bec7781a8b3201ce0abf31593f086070e51f6",
                "sha256:9b23c3c3dc0c62e6044abc4738cd8be1de0cb11d810fbd61d1551f5907b4761d",
                "sha256:a2b83326b31f482d9bcdfb97c8fc5940b08691d7d37efa904920ff57f1537791",
                "sha256:b04c363c14b7c55265acb5cc4f169d938fe775dbaa1dfcfec2dabf22c9929456",
                "sha256:b45f793a7bcba53aba47cc15b518f406d31cb5a190dcadae3b1bf3d8eb9a42b8",
                "sha256:b5456e69fd7cf6343b579b4f291b49c0c71ac20677af7d248daa443dc2e8a8d6",
                "sha256:b9c48c9b783bc0392ee5f7f3c3366f3bd1adb357af04ac07348f8f8092122598",
                "sha256:beaeb10501ed79241d171e221eb97e0b9d561a08d2ea506521e3bd1ef446c38b",
                "sha256:d048c562542e8ab69ad28d8778d718931b5378a609f6c168c7a2f033e157bd92",
                "sha256:d12564f737678074294270cf0d8eebedfe01e840c95a9ceb3fb94bc9287094e2",
                "sha256:d7309f0a28a08cc5c5ddd051ebd13325ba5bada3053d400a65fe418885a236cb",
                "sha256:e886a17b1dd4c8078101f3e3ed2faae9b18253df16913cab9c2d50329ae5f6d3",
                "sha256:f6adb405b3dba603af18f2c8afa315838d43e99c4a18c17f16ceb404ac0022a5",
                "sha256:f7b5da3a39928682e094a90b40383e5f516c1df909282fb3109860296bce3535"
            ],
            "index": "pypi",
            "version": "==2.7.2"
        },
        "pynacl": {
            "hashes": [
                "sha256:05c26f93964373fc0abe332676cb6735f0ecad27711035b9472751faa8521255",
                "sha256:0c6100edd16fefd1557da078c7a31e7b7d7a52ce39fdca2bec29d4f7b6e7600c",
                "sha256:0d0a8171a68edf51add1e73d2159c4bc19fc0718e79dec51166e940856c2f28e",
                "sha256:1c780712b206317a746ace34c209b8c29dbfd841dfbc02aa27f2084dd3db77ae",
                "sha256:2424c8b9f41aa65bbdbd7a64e73a7450ebb4aa9ddedc6a081e7afcc4c97f7621",
                "sha256:2d23c04e8d709444220557ae48ed01f3f1086439f12dbf11976e849a4926db56",
                "sha256:30f36a9c70450c7878053fa1344aca0145fd47d845270b43a7ee9192a051bf39",
                "sha256:37aa336a317209f1bb099ad177fef0da45be36a2aa664507c5d72015f956c310",
                "sha256:4943decfc5b905748f0756fdd99d4f9498d7064815c4cf3643820c9028b711d1",
                "sha256:57ef38a65056e7800859e5ba9e6091053cd06e1038983016effaffe0efcd594a",
                "sha256:5bd61e9b44c543016ce1f6aef48606280e45f892a928ca7068fba30021e9b786",
                "sha256:6482d3017a0c0327a49dddc8bd1074cc730d45db2ccb09c3bac1f8f32d1eb61b",
                "sha256:7d3ce02c0784b7cbcc771a2da6ea51f87e8716004512493a2b69016326301c3b",
                "sha256:a14e499c0f5955dcc3991f785f3f8e2130ed504fa3a7f44009ff458ad6bdd17f",
                "sha256:a39f54ccbcd2757d1d63b0ec00a00980c0b382c62865b61a505163943624ab20",
                "sha256:aabb0c5232910a20eec8563503c153a8e78bbf5459490c49ab31f6adf3f3a415",
                "sha256:bd4ecb473a96ad0f90c20acba4f0bf0df91a4e03a1f4dd6a4bdc9ca75aa3a715",
                "sha256:e2da3c13307eac601f3de04887624939aca8ee3c9488a0bb0eca4fb9401fc6b1",
                "sha256:f67814c38162f4deb31f68d590771a29d5ae3b1bd64b75cf232308e5c74777e0"
            ],
            "version": "==1.3.0"
        },
        "pytest": {
            "hashes": [
                "sha256:3773f4c235918987d51daf1db66d51c99fac654c81d6f2f709a046ab446d5e5d",
                "sha256:b7802283b70ca24d7119b32915efa7c409982f59913c1a6c0640aacf118b95f5"
            ],
            "index": "pypi",
            "version": "==4.4.1"
        },
        "python-dateutil": {
            "hashes": [
                "sha256:7e6584c74aeed623791615e26efd690f29817a27c73085b78e4bad02493df2fb",
                "sha256:c89805f6f4d64db21ed966fda138f8a5ed7a4fdbc1a8ee329ce1b74e3c74da9e"
            ],
            "index": "pypi",
            "version": "==2.8.0"
        },
        "python3-openid": {
            "hashes": [
                "sha256:0086da6b6ef3161cfe50fb1ee5cceaf2cda1700019fda03c2c5c440ca6abe4fa",
                "sha256:628d365d687e12da12d02c6691170f4451db28d6d68d050007e4a40065868502"
            ],
            "version": "==3.1.0"
        },
        "pytz": {
            "hashes": [
                "sha256:303879e36b721603cc54604edcac9d20401bdbe31e1e4fdee5b9f98d5d31dfda",
                "sha256:d747dd3d23d77ef44c6a3526e274af6efeb0a6f1afd5a69ba4d5be4098c8e141"
            ],
            "version": "==2019.1"
        },
        "rcssmin": {
            "hashes": [
                "sha256:ca87b695d3d7864157773a61263e5abb96006e9ff0e021eff90cbe0e1ba18270"
            ],
            "version": "==1.0.6"
        },
        "requests": {
            "hashes": [
                "sha256:502a824f31acdacb3a35b6690b5fbf0bc41d63a24a45c4004352b0242707598e",
                "sha256:7bf2a778576d825600030a110f3c0e3e8edc51dfaafe1c146e39a2027784957b"
            ],
            "version": "==2.21.0"
        },
        "requests-oauthlib": {
            "hashes": [
                "sha256:bd6533330e8748e94bf0b214775fed487d309b8b8fe823dc45641ebcd9a32f57",
                "sha256:d3ed0c8f2e3bbc6b344fa63d6f933745ab394469da38db16bdddb461c7e25140"
            ],
            "version": "==1.2.0"
        },
        "rjsmin": {
            "hashes": [
                "sha256:dd9591aa73500b08b7db24367f8d32c6470021f39d5ab4e50c7c02e4401386f1"
            ],
            "version": "==1.0.12"
        },
        "six": {
            "hashes": [
                "sha256:3350809f0555b11f552448330d0b52d5f24c91a322ea4a15ef22629740f3761c",
                "sha256:d16a0141ec1a18405cd4ce8b4613101da75da0e9a7aec5bdd4fa804d0e0eba73"
            ],
            "version": "==1.12.0"
        },
        "smartypants": {
            "hashes": [
                "sha256:8db97f7cbdf08d15b158a86037cd9e116b4cf37703d24e0419a0d64ca5808f0d"
            ],
            "version": "==2.0.1"
        },
        "snowballstemmer": {
            "hashes": [
                "sha256:919f26a68b2c17a7634da993d91339e288964f93c274f1343e3bbbe2096e1128",
                "sha256:9f3bcd3c401c3e862ec0ebe6d2c069ebc012ce142cce209c098ccb5b09136e89"
            ],
            "index": "pypi",
            "version": "==1.2.1"
        },
        "sqlparse": {
            "hashes": [
                "sha256:40afe6b8d4b1117e7dff5504d7a8ce07d9a1b15aeeade8a2d10f130a834f8177",
                "sha256:7c3dca29c022744e95b547e867cee89f4fce4373f3549ccd8797d8eb52cdb873"
            ],
            "version": "==0.3.0"
        },
        "textblob": {
            "hashes": [
                "sha256:7ff3c00cb5a85a30132ee6768b8c68cb2b9d76432fec18cd1b3ffe2f8594ec8c",
                "sha256:b0eafd8b129c9b196c8128056caed891d64b7fa20ba570e1fcde438f4f7dd312"
            ],
            "index": "pypi",
            "version": "==0.15.3"
        },
        "unidecode": {
            "hashes": [
                "sha256:092cdf7ad9d1052c50313426a625b717dab52f7ac58f859e09ea020953b1ad8f",
                "sha256:8b85354be8fd0c0e10adbf0675f6dc2310e56fda43fa8fe049123b6c475e52fb"
            ],
            "index": "pypi",
            "version": "==1.0.23"
        },
        "urllib3": {
            "hashes": [
                "sha256:4c291ca23bbb55c76518905869ef34bdd5f0e46af7afe6861e8375643ffee1a0",
                "sha256:9a247273df709c4fedb38c711e44292304f73f39ab01beda9f6b9fc375669ac3"
            ],
            "version": "==1.24.2"
        }
    },
    "develop": {}
}
